packages:
  - git: https://github.com/henryupton/dbt-scd2-utils.git
    name: dbt_scd2_utils
    revision: 8036e2a521799c648aaeba170676df6a10352f09
  - git: https://github.com/KaterynaD/dbt_scd2_plus.git
    name: dbt_scd2_plus
    revision: 8c14fb873dc8388773417a7f63ef74c038671221
  - name: dbt_utils
    package: dbt-labs/dbt_utils
    version: 1.3.1
  - name: dbt_expectations
    package: metaplane/dbt_expectations
    version: 0.10.9
  - name: dbt_date
    package: godatadriven/dbt_date
    version: 0.16.1
sha1_hash: 3bf1e3178e731357a075088e14073abf1992e300
