packages:
  - git: https://github.com/henryupton/dbt-scd2-utils.git
    name: dbt_scd2_utils
    revision: 8036e2a521799c648aaeba170676df6a10352f09
  - git: https://github.com/KaterynaD/dbt_scd2_plus.git
    name: dbt_scd2_plus
    revision: 8c14fb873dc8388773417a7f63ef74c038671221
  - name: dbt_utils
    package: dbt-labs/dbt_utils
    version: 1.3.1
sha1_hash: 52234c7537c92f5d546efaba5678de1e0de4474b
